
Microsoft Visual Studio Solution File, Format Version 12.00
# Visual Studio Version 16
VisualStudioVersion = 16.0.30907.101
MinimumVisualStudioVersion = 10.0.40219.1
Project("{FAE04EC0-301F-11D3-BF4B-00C04F79EFBC}") = "CPrConsole", "CoursePrConsole\CPrConsole.csproj", "{4428A049-800C-4DA8-8FE2-28912FC1243D}"
EndProject
Project("{FAE04EC0-301F-11D3-BF4B-00C04F79EFBC}") = "DTO", "DTO\DTO.csproj", "{020EC8BF-E7CB-44B7-AC61-6DDB503229AD}"
EndProject
Project("{FAE04EC0-301F-11D3-BF4B-00C04F79EFBC}") = "DAL", "DAL\DAL.csproj", "{54CA95E4-4AAC-4821-9380-5CA8FA35F8BC}"
EndProject
Project("{FAE04EC0-301F-11D3-BF4B-00C04F79EFBC}") = "BLL", "BLL\BLL.csproj", "{C8292F25-677D-422F-92F1-3C1EE9F17CA0}"
EndProject
Project("{FAE04EC0-301F-11D3-BF4B-00C04F79EFBC}") = "DALTests", "DALTests\DALTests.csproj", "{284AF86B-A3B7-41D7-9521-6AA174FF0389}"
EndProject
Project("{FAE04EC0-301F-11D3-BF4B-00C04F79EFBC}") = "BLLTests", "BLLTests\BLLTests.csproj", "{96DD13D3-F12D-40C2-9077-CB7965F2CA9F}"
EndProject
Project("{FAE04EC0-301F-11D3-BF4B-00C04F79EFBC}") = "AdminWF", "AdminWF\AdminWF.csproj", "{1FF6695A-C889-4CAF-9B42-67E49D216DD6}"
EndProject
Global
	GlobalSection(SolutionConfigurationPlatforms) = preSolution
		Debug|Any CPU = Debug|Any CPU
		Release|Any CPU = Release|Any CPU
	EndGlobalSection
	GlobalSection(ProjectConfigurationPlatforms) = postSolution
		{4428A049-800C-4DA8-8FE2-28912FC1243D}.Debug|Any CPU.ActiveCfg = Debug|Any CPU
		{4428A049-800C-4DA8-8FE2-28912FC1243D}.Debug|Any CPU.Build.0 = Debug|Any CPU
		{4428A049-800C-4DA8-8FE2-28912FC1243D}.Release|Any CPU.ActiveCfg = Release|Any CPU
		{4428A049-800C-4DA8-8FE2-28912FC1243D}.Release|Any CPU.Build.0 = Release|Any CPU
		{020EC8BF-E7CB-44B7-AC61-6DDB503229AD}.Debug|Any CPU.ActiveCfg = Debug|Any CPU
		{020EC8BF-E7CB-44B7-AC61-6DDB503229AD}.Debug|Any CPU.Build.0 = Debug|Any CPU
		{020EC8BF-E7CB-44B7-AC61-6DDB503229AD}.Release|Any CPU.ActiveCfg = Release|Any CPU
		{020EC8BF-E7CB-44B7-AC61-6DDB503229AD}.Release|Any CPU.Build.0 = Release|Any CPU
		{54CA95E4-4AAC-4821-9380-5CA8FA35F8BC}.Debug|Any CPU.ActiveCfg = Debug|Any CPU
		{54CA95E4-4AAC-4821-9380-5CA8FA35F8BC}.Debug|Any CPU.Build.0 = Debug|Any CPU
		{54CA95E4-4AAC-4821-9380-5CA8FA35F8BC}.Release|Any CPU.ActiveCfg = Release|Any CPU
		{54CA95E4-4AAC-4821-9380-5CA8FA35F8BC}.Release|Any CPU.Build.0 = Release|Any CPU
		{C8292F25-677D-422F-92F1-3C1EE9F17CA0}.Debug|Any CPU.ActiveCfg = Debug|Any CPU
		{C8292F25-677D-422F-92F1-3C1EE9F17CA0}.Debug|Any CPU.Build.0 = Debug|Any CPU
		{C8292F25-677D-422F-92F1-3C1EE9F17CA0}.Release|Any CPU.ActiveCfg = Release|Any CPU
		{C8292F25-677D-422F-92F1-3C1EE9F17CA0}.Release|Any CPU.Build.0 = Release|Any CPU
		{284AF86B-A3B7-41D7-9521-6AA174FF0389}.Debug|Any CPU.ActiveCfg = Debug|Any CPU
		{284AF86B-A3B7-41D7-9521-6AA174FF0389}.Debug|Any CPU.Build.0 = Debug|Any CPU
		{284AF86B-A3B7-41D7-9521-6AA174FF0389}.Release|Any CPU.ActiveCfg = Release|Any CPU
		{284AF86B-A3B7-41D7-9521-6AA174FF0389}.Release|Any CPU.Build.0 = Release|Any CPU
		{96DD13D3-F12D-40C2-9077-CB7965F2CA9F}.Debug|Any CPU.ActiveCfg = Debug|Any CPU
		{96DD13D3-F12D-40C2-9077-CB7965F2CA9F}.Debug|Any CPU.Build.0 = Debug|Any CPU
		{96DD13D3-F12D-40C2-9077-CB7965F2CA9F}.Release|Any CPU.ActiveCfg = Release|Any CPU
		{96DD13D3-F12D-40C2-9077-CB7965F2CA9F}.Release|Any CPU.Build.0 = Release|Any CPU
		{1FF6695A-C889-4CAF-9B42-67E49D216DD6}.Debug|Any CPU.ActiveCfg = Debug|Any CPU
		{1FF6695A-C889-4CAF-9B42-67E49D216DD6}.Debug|Any CPU.Build.0 = Debug|Any CPU
		{1FF6695A-C889-4CAF-9B42-67E49D216DD6}.Release|Any CPU.ActiveCfg = Release|Any CPU
		{1FF6695A-C889-4CAF-9B42-67E49D216DD6}.Release|Any CPU.Build.0 = Release|Any CPU
	EndGlobalSection
	GlobalSection(SolutionProperties) = preSolution
		HideSolutionNode = FALSE
	EndGlobalSection
	GlobalSection(ExtensibilityGlobals) = postSolution
		SolutionGuid = {CF798342-5052-492D-B6F1-016A2B671987}
	EndGlobalSection
EndGlobal
